
Microsoft Visual Studio Solution File, Format Version 12.00
# Visual Studio Version 16
VisualStudioVersion = 16.0.29230.47
MinimumVisualStudioVersion = 10.0.40219.1
Project("{FAE04EC0-301F-11D3-BF4B-00C04F79EFBC}") = "AutoServiceCalcTests", "..\AutoServiceCalcTests\AutoServiceCalcTests.csproj", "{822CCC5F-312C-4118-9FC4-61D9076DA73E}"
EndProject
Project("{9A19103F-16F7-4668-BE54-9A1E7A4F7556}") = "AutoServiceCalculator", "..\AutoServiceCalculator\AutoServiceCalculator.csproj", "{94B955F0-1CE3-4344-845F-0FD7021266FF}"
EndProject
Global
	GlobalSection(SolutionConfigurationPlatforms) = preSolution
		Debug|Any CPU = Debug|Any CPU
		Release|Any CPU = Release|Any CPU
	EndGlobalSection
	GlobalSection(ProjectConfigurationPlatforms) = postSolution
		{822CCC5F-312C-4118-9FC4-61D9076DA73E}.Debug|Any CPU.ActiveCfg = Debug|Any CPU
		{822CCC5F-312C-4118-9FC4-61D9076DA73E}.Debug|Any CPU.Build.0 = Debug|Any CPU
		{822CCC5F-312C-4118-9FC4-61D9076DA73E}.Release|Any CPU.ActiveCfg = Release|Any CPU
		{822CCC5F-312C-4118-9FC4-61D9076DA73E}.Release|Any CPU.Build.0 = Release|Any CPU
		{94B955F0-1CE3-4344-845F-0FD7021266FF}.Debug|Any CPU.ActiveCfg = Debug|Any CPU
		{94B955F0-1CE3-4344-845F-0FD7021266FF}.Debug|Any CPU.Build.0 = Debug|Any CPU
		{94B955F0-1CE3-4344-845F-0FD7021266FF}.Release|Any CPU.ActiveCfg = Release|Any CPU
		{94B955F0-1CE3-4344-845F-0FD7021266FF}.Release|Any CPU.Build.0 = Release|Any CPU
	EndGlobalSection
	GlobalSection(SolutionProperties) = preSolution
		HideSolutionNode = FALSE
	EndGlobalSection
	GlobalSection(ExtensibilityGlobals) = postSolution
		SolutionGuid = {532E4FDB-3E43-4169-8947-3D0214FCE09D}
	EndGlobalSection
EndGlobal
